
Microsoft Visual Studio Solution File, Format Version 12.00
# Visual Studio Version 17
VisualStudioVersion = 17.13.35919.96 d17.13
MinimumVisualStudioVersion = 10.0.40219.1
Project("{FAE04EC0-301F-11D3-BF4B-00C04F79EFBC}") = "KEZDOCSAPATXI", "KEZDOCSAPATXI.csproj", "{FFAA5C05-4DFA-4AB2-BA7B-3C4A91E9284A}"
EndProject
Global
	GlobalSection(SolutionConfigurationPlatforms) = preSolution
		Debug|Any CPU = Debug|Any CPU
		Release|Any CPU = Release|Any CPU
	EndGlobalSection
	GlobalSection(ProjectConfigurationPlatforms) = postSolution
		{FFAA5C05-4DFA-4AB2-BA7B-3C4A91E9284A}.Debug|Any CPU.ActiveCfg = Debug|Any CPU
		{FFAA5C05-4DFA-4AB2-BA7B-3C4A91E9284A}.Debug|Any CPU.Build.0 = Debug|Any CPU
		{FFAA5C05-4DFA-4AB2-BA7B-3C4A91E9284A}.Release|Any CPU.ActiveCfg = Release|Any CPU
		{FFAA5C05-4DFA-4AB2-BA7B-3C4A91E9284A}.Release|Any CPU.Build.0 = Release|Any CPU
	EndGlobalSection
	GlobalSection(SolutionProperties) = preSolution
		HideSolutionNode = FALSE
	EndGlobalSection
	GlobalSection(ExtensibilityGlobals) = postSolution
		SolutionGuid = {2ECC94C8-1842-452A-BB87-D6AE7C8E01DA}
	EndGlobalSection
EndGlobal
